
Microsoft Visual Studio Solution File, Format Version 12.00
# Visual Studio 15
VisualStudioVersion = 15.0.28010.2026
MinimumVisualStudioVersion = 10.0.40219.1
Project("{FAE04EC0-301F-11D3-BF4B-00C04F79EFBC}") = "WebDeployTest", "WebDeployTest\WebDeployTest.csproj", "{5E59875C-D391-44AC-B852-B4E2AD2384DC}"
EndProject
Global
	GlobalSection(SolutionConfigurationPlatforms) = preSolution
		Debug|Any CPU = Debug|Any CPU
		Release|Any CPU = Release|Any CPU
	EndGlobalSection
	GlobalSection(ProjectConfigurationPlatforms) = postSolution
		{5E59875C-D391-44AC-B852-B4E2AD2384DC}.Debug|Any CPU.ActiveCfg = Debug|Any CPU
		{5E59875C-D391-44AC-B852-B4E2AD2384DC}.Debug|Any CPU.Build.0 = Debug|Any CPU
		{5E59875C-D391-44AC-B852-B4E2AD2384DC}.Release|Any CPU.ActiveCfg = Release|Any CPU
		{5E59875C-D391-44AC-B852-B4E2AD2384DC}.Release|Any CPU.Build.0 = Release|Any CPU
	EndGlobalSection
	GlobalSection(SolutionProperties) = preSolution
		HideSolutionNode = FALSE
	EndGlobalSection
	GlobalSection(ExtensibilityGlobals) = postSolution
		SolutionGuid = {E746898B-C12C-42BA-BC93-F9B9F6F22EB4}
	EndGlobalSection
EndGlobal
